github.com/sunshineplan/utils v0.1.83 h1:fkS0caihlOWle6Klmhio3pVsr0e39HgQYrVBvC7JcuI=
github.com/sunshineplan/utils v0.1.83/go.mod h1:yE18bZxiAbXACldV0BuTewbmj2y2fRBFrBUHRfD36ZA=
golang.org/x/sync v0.19.0 h1:vV+1eWNmZ5geRlYjzm2adRgW2/mcpevXNg50YZtPCE4=
golang.org/x/sync v0.19.0/go.mod h1:9KTHXmSnoGruLpwFjVSX0lNNA75CykiMECbovNTZqGI=
