github.com/sunshineplan/utils v0.1.77 h1:hDJtJahnkzvJ39L0GMc7mGFcZPjwYIbRcSwX3wPNVbM=
github.com/sunshineplan/utils v0.1.77/go.mod h1:R7MInPRKnExzzNGJ9qY1W0+11P/3jc6IO5ICuGDPA1w=
golang.org/x/sync v0.15.0 h1:KWH3jNZsfyT6xfAfKiz6MRNmd46ByHDYaZ7KSkCtdW8=
golang.org/x/sync v0.15.0/go.mod h1:1dzgHSNfp02xaA81J2MS99Qcpr2w7fw1gpm99rleRqA=
